Microsoft Visual Studio Solution File, Format Version 12.00
# Visual Studio Version 17
VisualStudioVersion = 17.5.2.0
MinimumVisualStudioVersion = 10.0.40219.1
Project("{FAE04EC0-301F-11D3-BF4B-00C04F79EFBC}") = "Aula230625", "Aula230625.csproj", "{8351D2C5-05BA-1A46-BC8C-73DCA984ABF9}"
EndProject
Global
	GlobalSection(SolutionConfigurationPlatforms) = preSolution
		Debug|Any CPU = Debug|Any CPU
		Release|Any CPU = Release|Any CPU
	EndGlobalSection
	GlobalSection(ProjectConfigurationPlatforms) = postSolution
		{8351D2C5-05BA-1A46-BC8C-73DCA984ABF9}.Debug|Any CPU.ActiveCfg = Debug|Any CPU
		{8351D2C5-05BA-1A46-BC8C-73DCA984ABF9}.Debug|Any CPU.Build.0 = Debug|Any CPU
		{8351D2C5-05BA-1A46-BC8C-73DCA984ABF9}.Release|Any CPU.ActiveCfg = Release|Any CPU
		{8351D2C5-05BA-1A46-BC8C-73DCA984ABF9}.Release|Any CPU.Build.0 = Release|Any CPU
	EndGlobalSection
	GlobalSection(SolutionProperties) = preSolution
		HideSolutionNode = FALSE
	EndGlobalSection
	GlobalSection(ExtensibilityGlobals) = postSolution
		SolutionGuid = {2AE1D83D-5A39-4D31-B58B-16DE5BA8C6C2}
	EndGlobalSection
EndGlobal
